# THIS IS AN AUTOGENERATED FILE. DO NOT EDIT THIS FILE DIRECTLY.
# yarn lockfile v1


"@types/node@^18.14.6":
  version "18.14.6"
  resolved "https://registry.yarnpkg.com/@types/node/-/node-18.14.6.tgz#ae1973dd2b1eeb1825695bb11ebfb746d27e3e93"
  integrity sha512-93+VvleD3mXwlLI/xASjw0FzKcwzl3OdTCzm1LaRfqgS21gfFtK3zDXM5Op9TeeMsJVOaJ2VRDpT9q4Y3d0AvA==

"@vercel/build-utils@^6.3.4":
  version "6.3.4"
  resolved "https://registry.yarnpkg.com/@vercel/build-utils/-/build-utils-6.3.4.tgz#9a050f8bad4ba012cd523b8509c7b1c41c827fdf"
  integrity sha512-7qhJP/5yz/9aBmkJirRxcTrvrLdV6PUT9DpxsILnfdw7WAJ5KSa59kBj8Aw4VhW4CqK4pFcuMMHr73aYRcEmkg==

typescript@^4.9.5:
  version "4.9.5"
  resolved "https://registry.yarnpkg.com/typescript/-/typescript-4.9.5.tgz#095979f9bcc0d09da324d58d03ce8f8374cbe65a"
  integrity sha512-1FXk9E2Hm+QzZQ7z+McJiHL4NW1F2EzMu9Nq9i3zAaGqibafqYwCVU6WyWAuyQRRzOlxou8xZSyXLEN8oKj24g==
